// !$*UTF8*$!
{
	archiveVersion = 1;
	classes = {
	};
	objectVersion = 46;
	objects = {

/* Begin PBXBuildFile section */
		DA0852EF1A72E0600052F504 /* XXOGame.swift in Sources */ = {isa = PBXBuildFile; fileRef = DA0852EE1A72E0600052F504 /* XXOGame.swift */; };
		DA0852F01A72E0600052F504 /* XXOGame.swift in Sources */ = {isa = PBXBuildFile; fileRef = DA0852EE1A72E0600052F504 /* XXOGame.swift */; };
		DA39D9491A6D535E0077B765 /* main.m in Sources */ = {isa = PBXBuildFile; fileRef = DA39D9481A6D535E0077B765 /* main.m */; };
		DA39D94C1A6D535E0077B765 /* AppDelegate.m in Sources */ = {isa = PBXBuildFile; fileRef = DA39D94B1A6D535E0077B765 /* AppDelegate.m */; };
		DA39D94F1A6D535E0077B765 /* GameBoardViewController.m in Sources */ = {isa = PBXBuildFile; fileRef = DA39D94E1A6D535E0077B765 /* GameBoardViewController.m */; };
		DA39D9511A6D535E0077B765 /* GameScene.sks in Resources */ = {isa = PBXBuildFile; fileRef = DA39D9501A6D535E0077B765 /* GameScene.sks */; };
		DA39D9541A6D535E0077B765 /* GameViewController.m in Sources */ = {isa = PBXBuildFile; fileRef = DA39D9531A6D535E0077B765 /* GameViewController.m */; };
		DA39D9571A6D535E0077B765 /* Main.storyboard in Resources */ = {isa = PBXBuildFile; fileRef = DA39D9551A6D535E0077B765 /* Main.storyboard */; };
		DA39D9591A6D535E0077B765 /* Images.xcassets in Resources */ = {isa = PBXBuildFile; fileRef = DA39D9581A6D535E0077B765 /* Images.xcassets */; };
		DA39D95C1A6D535E0077B765 /* LaunchScreen.xib in Resources */ = {isa = PBXBuildFile; fileRef = DA39D95A1A6D535E0077B765 /* LaunchScreen.xib */; };
		DA39D9681A6D535E0077B765 /* XXOTests.m in Sources */ = {isa = PBXBuildFile; fileRef = DA39D9671A6D535E0077B765 /* XXOTests.m */; };
		DA39D9781A6D676C0077B765 /* XXOGameObjC.m in Sources */ = {isa = PBXBuildFile; fileRef = DA39D9771A6D676C0077B765 /* XXOGameObjC.m */; };
		DA39D9791A6D676C0077B765 /* XXOGameObjC.m in Sources */ = {isa = PBXBuildFile; fileRef = DA39D9771A6D676C0077B765 /* XXOGameObjC.m */; };
		DA534FEF1A6DFBF70002E944 /* Hit_Hurt13.wav in Resources */ = {isa = PBXBuildFile; fileRef = DA534FEE1A6DFBF70002E944 /* Hit_Hurt13.wav */; };
		DA534FF11A6DFEC80002E944 /* Win23.wav in Resources */ = {isa = PBXBuildFile; fileRef = DA534FF01A6DFEC80002E944 /* Win23.wav */; };
		DA534FF31A6E06920002E944 /* Win60_louder.wav in Resources */ = {isa = PBXBuildFile; fileRef = DA534FF21A6E06920002E944 /* Win60_louder.wav */; };
		DA534FF51A6E082F0002E944 /* Reset58.wav in Resources */ = {isa = PBXBuildFile; fileRef = DA534FF41A6E082F0002E944 /* Reset58.wav */; };
		DA534FF71A6E0AD90002E944 /* Hit_Hurt12.wav in Resources */ = {isa = PBXBuildFile; fileRef = DA534FF61A6E0AD90002E944 /* Hit_Hurt12.wav */; };
		DAA993E71A6E133500E4DDC7 /* Reset64.wav in Resources */ = {isa = PBXBuildFile; fileRef = DAA993E61A6E133500E4DDC7 /* Reset64.wav */; };
/* End PBXBuildFile section */

/* Begin PBXContainerItemProxy section */
		DA39D9621A6D535E0077B765 /* PBXContainerItemProxy */ = {
			isa = PBXContainerItemProxy;
			containerPortal = DA39D93B1A6D535E0077B765 /* Project object */;
			proxyType = 1;
			remoteGlobalIDString = DA39D9421A6D535E0077B765;
			remoteInfo = XXO;
		};
/* End PBXContainerItemProxy section */

/* Begin PBXFileReference section */
		DA0852EE1A72E0600052F504 /* XXOGame.swift */ = {isa = PBXFileReference; fileEncoding = 4; lastKnownFileType = sourcecode.swift; path = XXOGame.swift; sourceTree = "<group>"; };
		DA0852F41A72E1480052F504 /* XXO-Bridging-Header.h */ = {isa = PBXFileReference; fileEncoding = 4; lastKnownFileType = sourcecode.c.h; path = "XXO-Bridging-Header.h"; sourceTree = "<group>"; };
		DA0852F51A72E1720052F504 /* XXOTests-Bridging-Header.h */ = {isa = PBXFileReference; fileEncoding = 4; lastKnownFileType = sourcecode.c.h; path = "XXOTests-Bridging-Header.h"; sourceTree = "<group>"; };
		DA39D9431A6D535E0077B765 /* XXO.app */ = {isa = PBXFileReference; explicitFileType = wrapper.application; includeInIndex = 0; path = XXO.app; sourceTree = BUILT_PRODUCTS_DIR; };
		DA39D9471A6D535E0077B765 /* Info.plist */ = {isa = PBXFileReference; lastKnownFileType = text.plist.xml; path = Info.plist; sourceTree = "<group>"; };
		DA39D9481A6D535E0077B765 /* main.m */ = {isa = PBXFileReference; lastKnownFileType = sourcecode.c.objc; path = main.m; sourceTree = "<group>"; };
		DA39D94A1A6D535E0077B765 /* AppDelegate.h */ = {isa = PBXFileReference; lastKnownFileType = sourcecode.c.h; path = AppDelegate.h; sourceTree = "<group>"; };
		DA39D94B1A6D535E0077B765 /* AppDelegate.m */ = {isa = PBXFileReference; lastKnownFileType = sourcecode.c.objc; path = AppDelegate.m; sourceTree = "<group>"; };
		DA39D94D1A6D535E0077B765 /* GameBoardViewController.h */ = {isa = PBXFileReference; lastKnownFileType = sourcecode.c.h; path = GameBoardViewController.h; sourceTree = "<group>"; };
		DA39D94E1A6D535E0077B765 /* GameBoardViewController.m */ = {isa = PBXFileReference; lastKnownFileType = sourcecode.c.objc; path = GameBoardViewController.m; sourceTree = "<group>"; };
		DA39D9501A6D535E0077B765 /* GameScene.sks */ = {isa = PBXFileReference; lastKnownFileType = file.sks; path = GameScene.sks; sourceTree = "<group>"; };
		DA39D9521A6D535E0077B765 /* GameViewController.h */ = {isa = PBXFileReference; lastKnownFileType = sourcecode.c.h; path = GameViewController.h; sourceTree = "<group>"; };
		DA39D9531A6D535E0077B765 /* GameViewController.m */ = {isa = PBXFileReference; lastKnownFileType = sourcecode.c.objc; path = GameViewController.m; sourceTree = "<group>"; };
		DA39D9561A6D535E0077B765 /* Base */ = {isa = PBXFileReference; lastKnownFileType = file.storyboard; name = Base; path = Base.lproj/Main.storyboard; sourceTree = "<group>"; };
		DA39D9581A6D535E0077B765 /* Images.xcassets */ = {isa = PBXFileReference; lastKnownFileType = folder.assetcatalog; path = Images.xcassets; sourceTree = "<group>"; };
		DA39D95B1A6D535E0077B765 /* Base */ = {isa = PBXFileReference; lastKnownFileType = file.xib; name = Base; path = Base.lproj/LaunchScreen.xib; sourceTree = "<group>"; };
		DA39D9611A6D535E0077B765 /* XXOTests.xctest */ = {isa = PBXFileReference; explicitFileType = wrapper.cfbundle; includeInIndex = 0; path = XXOTests.xctest; sourceTree = BUILT_PRODUCTS_DIR; };
		DA39D9661A6D535E0077B765 /* Info.plist */ = {isa = PBXFileReference; lastKnownFileType = text.plist.xml; path = Info.plist; sourceTree = "<group>"; };
		DA39D9671A6D535E0077B765 /* XXOTests.m */ = {isa = PBXFileReference; lastKnownFileType = sourcecode.c.objc; path = XXOTests.m; sourceTree = "<group>"; };
		DA39D9761A6D676C0077B765 /* XXOGameObjC.h */ = {isa = PBXFileReference; fileEncoding = 4; lastKnownFileType = sourcecode.c.h; path = XXOGameObjC.h; sourceTree = "<group>"; };
		DA39D9771A6D676C0077B765 /* XXOGameObjC.m */ = {isa = PBXFileReference; fileEncoding = 4; lastKnownFileType = sourcecode.c.objc; path = XXOGameObjC.m; sourceTree = "<group>"; };
		DA534FEE1A6DFBF70002E944 /* Hit_Hurt13.wav */ = {isa = PBXFileReference; lastKnownFileType = audio.wav; path = Hit_Hurt13.wav; sourceTree = "<group>"; };
		DA534FF01A6DFEC80002E944 /* Win23.wav */ = {isa = PBXFileReference; lastKnownFileType = audio.wav; path = Win23.wav; sourceTree = "<group>"; };
		DA534FF21A6E06920002E944 /* Win60_louder.wav */ = {isa = PBXFileReference; lastKnownFileType = audio.wav; path = Win60_louder.wav; sourceTree = "<group>"; };
		DA534FF41A6E082F0002E944 /* Reset58.wav */ = {isa = PBXFileReference; lastKnownFileType = audio.wav; path = Reset58.wav; sourceTree = "<group>"; };
		DA534FF61A6E0AD90002E944 /* Hit_Hurt12.wav */ = {isa = PBXFileReference; lastKnownFileType = audio.wav; path = Hit_Hurt12.wav; sourceTree = "<group>"; };
		DAA993E61A6E133500E4DDC7 /* Reset64.wav */ = {isa = PBXFileReference; lastKnownFileType = audio.wav; path = Reset64.wav; sourceTree = "<group>"; };
/* End PBXFileReference section */

/* Begin PBXFrameworksBuildPhase section */
		DA39D9401A6D535E0077B765 /* Frameworks */ = {
			isa = PBXFrameworksBuildPhase;
			buildActionMask = 2147483647;
			files = (
			);
			runOnlyForDeploymentPostprocessing = 0;
		};
		DA39D95E1A6D535E0077B765 /* Frameworks */ = {
			isa = PBXFrameworksBuildPhase;
			buildActionMask = 2147483647;
			files = (
			);
			runOnlyForDeploymentPostprocessing = 0;
		};
/* End PBXFrameworksBuildPhase section */

/* Begin PBXGroup section */
		DA39D93A1A6D535E0077B765 = {
			isa = PBXGroup;
			children = (
				DA39D9451A6D535E0077B765 /* XXO */,
				DA39D9641A6D535E0077B765 /* XXOTests */,
				DA39D9441A6D535E0077B765 /* Products */,
			);
			sourceTree = "<group>";
		};
		DA39D9441A6D535E0077B765 /* Products */ = {
			isa = PBXGroup;
			children = (
				DA39D9431A6D535E0077B765 /* XXO.app */,
				DA39D9611A6D535E0077B765 /* XXOTests.xctest */,
			);
			name = Products;
			sourceTree = "<group>";
		};
		DA39D9451A6D535E0077B765 /* XXO */ = {
			isa = PBXGroup;
			children = (
				DA39D94A1A6D535E0077B765 /* AppDelegate.h */,
				DA39D94B1A6D535E0077B765 /* AppDelegate.m */,
				DA39D94D1A6D535E0077B765 /* GameBoardViewController.h */,
				DA39D9501A6D535E0077B765 /* GameScene.sks */,
				DA39D94E1A6D535E0077B765 /* GameBoardViewController.m */,
				DA39D9521A6D535E0077B765 /* GameViewController.h */,
				DA39D9531A6D535E0077B765 /* GameViewController.m */,
				DA39D9761A6D676C0077B765 /* XXOGameObjC.h */,
				DA39D9771A6D676C0077B765 /* XXOGameObjC.m */,
				DA534FF61A6E0AD90002E944 /* Hit_Hurt12.wav */,
				DA534FEE1A6DFBF70002E944 /* Hit_Hurt13.wav */,
				DA534FF01A6DFEC80002E944 /* Win23.wav */,
				DA534FF21A6E06920002E944 /* Win60_louder.wav */,
				DA534FF41A6E082F0002E944 /* Reset58.wav */,
				DAA993E61A6E133500E4DDC7 /* Reset64.wav */,
				DA39D9551A6D535E0077B765 /* Main.storyboard */,
				DA39D9581A6D535E0077B765 /* Images.xcassets */,
				DA39D95A1A6D535E0077B765 /* LaunchScreen.xib */,
				DA39D9461A6D535E0077B765 /* Supporting Files */,
				DA0852EE1A72E0600052F504 /* XXOGame.swift */,
				DA0852F41A72E1480052F504 /* XXO-Bridging-Header.h */,
				DA0852F51A72E1720052F504 /* XXOTests-Bridging-Header.h */,
			);
			path = XXO;
			sourceTree = "<group>";
		};
		DA39D9461A6D535E0077B765 /* Supporting Files */ = {
			isa = PBXGroup;
			children = (
				DA39D9471A6D535E0077B765 /* Info.plist */,
				DA39D9481A6D535E0077B765 /* main.m */,
			);
			name = "Supporting Files";
			sourceTree = "<group>";
		};
		DA39D9641A6D535E0077B765 /* XXOTests */ = {
			isa = PBXGroup;
			children = (
				DA39D9671A6D535E0077B765 /* XXOTests.m */,
				DA39D9651A6D535E0077B765 /* Supporting Files */,
			);
			path = XXOTests;
			sourceTree = "<group>";
		};
		DA39D9651A6D535E0077B765 /* Supporting Files */ = {
			isa = PBXGroup;
			children = (
				DA39D9661A6D535E0077B765 /* Info.plist */,
			);
			name = "Supporting Files";
			sourceTree = "<group>";
		};
/* End PBXGroup section */

/* Begin PBXNativeTarget section */
		DA39D9421A6D535E0077B765 /* XXO */ = {
			isa = PBXNativeTarget;
			buildConfigurationList = DA39D96B1A6D535E0077B765 /* Build configuration list for PBXNativeTarget "XXO" */;
			buildPhases = (
				DA39D93F1A6D535E0077B765 /* Sources */,
				DA39D9401A6D535E0077B765 /* Frameworks */,
				DA39D9411A6D535E0077B765 /* Resources */,
			);
			buildRules = (
			);
			dependencies = (
			);
			name = XXO;
			productName = XXO;
			productReference = DA39D9431A6D535E0077B765 /* XXO.app */;
			productType = "com.apple.product-type.application";
		};
		DA39D9601A6D535E0077B765 /* XXOTests */ = {
			isa = PBXNativeTarget;
			buildConfigurationList = DA39D96E1A6D535E0077B765 /* Build configuration list for PBXNativeTarget "XXOTests" */;
			buildPhases = (
				DA39D95D1A6D535E0077B765 /* Sources */,
				DA39D95E1A6D535E0077B765 /* Frameworks */,
				DA39D95F1A6D535E0077B765 /* Resources */,
			);
			buildRules = (
			);
			dependencies = (
				DA39D9631A6D535E0077B765 /* PBXTargetDependency */,
			);
			name = XXOTests;
			productName = XXOTests;
			productReference = DA39D9611A6D535E0077B765 /* XXOTests.xctest */;
			productType = "com.apple.product-type.bundle.unit-test";
		};
/* End PBXNativeTarget section */

/* Begin PBXProject section */
		DA39D93B1A6D535E0077B765 /* Project object */ = {
			isa = PBXProject;
			attributes = {
				LastUpgradeCheck = 0610;
				ORGANIZATIONNAME = "Paul Jacobs";
				TargetAttributes = {
					DA39D9421A6D535E0077B765 = {
						CreatedOnToolsVersion = 6.1.1;
					};
					DA39D9601A6D535E0077B765 = {
						CreatedOnToolsVersion = 6.1.1;
						TestTargetID = DA39D9421A6D535E0077B765;
					};
				};
			};
			buildConfigurationList = DA39D93E1A6D535E0077B765 /* Build configuration list for PBXProject "XXO" */;
			compatibilityVersion = "Xcode 3.2";
			developmentRegion = English;
			hasScannedForEncodings = 0;
			knownRegions = (
				en,
				Base,
			);
			mainGroup = DA39D93A1A6D535E0077B765;
			productRefGroup = DA39D9441A6D535E0077B765 /* Products */;
			projectDirPath = "";
			projectRoot = "";
			targets = (
				DA39D9421A6D535E0077B765 /* XXO */,
				DA39D9601A6D535E0077B765 /* XXOTests */,
			);
		};
/* End PBXProject section */

/* Begin PBXResourcesBuildPhase section */
		DA39D9411A6D535E0077B765 /* Resources */ = {
			isa = PBXResourcesBuildPhase;
			buildActionMask = 2147483647;
			files = (
				DA534FF31A6E06920002E944 /* Win60_louder.wav in Resources */,
				DA534FF11A6DFEC80002E944 /* Win23.wav in Resources */,
				DAA993E71A6E133500E4DDC7 /* Reset64.wav in Resources */,
				DA534FEF1A6DFBF70002E944 /* Hit_Hurt13.wav in Resources */,
				DA534FF71A6E0AD90002E944 /* Hit_Hurt12.wav in Resources */,
				DA39D95C1A6D535E0077B765 /* LaunchScreen.xib in Resources */,
				DA39D9591A6D535E0077B765 /* Images.xcassets in Resources */,
				DA39D9511A6D535E0077B765 /* GameScene.sks in Resources */,
				DA39D9571A6D535E0077B765 /* Main.storyboard in Resources */,
				DA534FF51A6E082F0002E944 /* Reset58.wav in Resources */,
			);
			runOnlyForDeploymentPostprocessing = 0;
		};
		DA39D95F1A6D535E0077B765 /* Resources */ = {
			isa = PBXResourcesBuildPhase;
			buildActionMask = 2147483647;
			files = (
			);
			runOnlyForDeploymentPostprocessing = 0;
		};
/* End PBXResourcesBuildPhase section */

/* Begin PBXSourcesBuildPhase section */
		DA39D93F1A6D535E0077B765 /* Sources */ = {
			isa = PBXSourcesBuildPhase;
			buildActionMask = 2147483647;
			files = (
				DA39D9541A6D535E0077B765 /* GameViewController.m in Sources */,
				DA0852EF1A72E0600052F504 /* XXOGame.swift in Sources */,
				DA39D9781A6D676C0077B765 /* XXOGameObjC.m in Sources */,
				DA39D94C1A6D535E0077B765 /* AppDelegate.m in Sources */,
				DA39D94F1A6D535E0077B765 /* GameBoardViewController.m in Sources */,
				DA39D9491A6D535E0077B765 /* main.m in Sources */,
			);
			runOnlyForDeploymentPostprocessing = 0;
		};
		DA39D95D1A6D535E0077B765 /* Sources */ = {
			isa = PBXSourcesBuildPhase;
			buildActionMask = 2147483647;
			files = (
				DA39D9681A6D535E0077B765 /* XXOTests.m in Sources */,
				DA0852F01A72E0600052F504 /* XXOGame.swift in Sources */,
				DA39D9791A6D676C0077B765 /* XXOGameObjC.m in Sources */,
			);
			runOnlyForDeploymentPostprocessing = 0;
		};
/* End PBXSourcesBuildPhase section */

/* Begin PBXTargetDependency section */
		DA39D9631A6D535E0077B765 /* PBXTargetDependency */ = {
			isa = PBXTargetDependency;
			target = DA39D9421A6D535E0077B765 /* XXO */;
			targetProxy = DA39D9621A6D535E0077B765 /* PBXContainerItemProxy */;
		};
/* End PBXTargetDependency section */

/* Begin PBXVariantGroup section */
		DA39D9551A6D535E0077B765 /* Main.storyboard */ = {
			isa = PBXVariantGroup;
			children = (
				DA39D9561A6D535E0077B765 /* Base */,
			);
			name = Main.storyboard;
			sourceTree = "<group>";
		};
		DA39D95A1A6D535E0077B765 /* LaunchScreen.xib */ = {
			isa = PBXVariantGroup;
			children = (
				DA39D95B1A6D535E0077B765 /* Base */,
			);
			name = LaunchScreen.xib;
			sourceTree = "<group>";
		};
/* End PBXVariantGroup section */

/* Begin XCBuildConfiguration section */
		DA39D9691A6D535E0077B765 /* Debug */ = {
			isa = XCBuildConfiguration;
			buildSettings = {
				ALWAYS_SEARCH_USER_PATHS = NO;
				CLANG_CXX_LANGUAGE_STANDARD = "gnu++0x";
				CLANG_CXX_LIBRARY = "libc++";
				CLANG_ENABLE_MODULES = YES;
				CLANG_ENABLE_OBJC_ARC = YES;
				CLANG_WARN_BOOL_CONVERSION = YES;
				CLANG_WARN_CONSTANT_CONVERSION = YES;
				CLANG_WARN_DIRECT_OBJC_ISA_USAGE = YES_ERROR;
				CLANG_WARN_EMPTY_BODY = YES;
				CLANG_WARN_ENUM_CONVERSION = YES;
				CLANG_WARN_INT_CONVERSION = YES;
				CLANG_WARN_OBJC_ROOT_CLASS = YES_ERROR;
				CLANG_WARN_UNREACHABLE_CODE = YES;
				CLANG_WARN__DUPLICATE_METHOD_MATCH = YES;
				"CODE_SIGN_IDENTITY[sdk=iphoneos*]" = "iPhone Developer";
				COPY_PHASE_STRIP = NO;
				DEFINES_MODULE = YES;
				ENABLE_STRICT_OBJC_MSGSEND = YES;
				GCC_C_LANGUAGE_STANDARD = gnu99;
				GCC_DYNAMIC_NO_PIC = NO;
				GCC_OPTIMIZATION_LEVEL = 0;
				GCC_PREPROCESSOR_DEFINITIONS = (
					"DEBUG=1",
					"$(inherited)",
				);
				GCC_SYMBOLS_PRIVATE_EXTERN = NO;
				GCC_WARN_64_TO_32_BIT_CONVERSION = YES;
				GCC_WARN_ABOUT_RETURN_TYPE = YES_ERROR;
				GCC_WARN_UNDECLARED_SELECTOR = YES;
				GCC_WARN_UNINITIALIZED_AUTOS = YES_AGGRESSIVE;
				GCC_WARN_UNUSED_FUNCTION = YES;
				GCC_WARN_UNUSED_VARIABLE = YES;
				IPHONEOS_DEPLOYMENT_TARGET = 8.1;
				MTL_ENABLE_DEBUG_INFO = YES;
				ONLY_ACTIVE_ARCH = YES;
				SDKROOT = iphoneos;
				TARGETED_DEVICE_FAMILY = "1,2";
			};
			name = Debug;
		};
		DA39D96A1A6D535E0077B765 /* Release */ = {
			isa = XCBuildConfiguration;
			buildSettings = {
				ALWAYS_SEARCH_USER_PATHS = NO;
				CLANG_CXX_LANGUAGE_STANDARD = "gnu++0x";
				CLANG_CXX_LIBRARY = "libc++";
				CLANG_ENABLE_MODULES = YES;
				CLANG_ENABLE_OBJC_ARC = YES;
				CLANG_WARN_BOOL_CONVERSION = YES;
				CLANG_WARN_CONSTANT_CONVERSION = YES;
				CLANG_WARN_DIRECT_OBJC_ISA_USAGE = YES_ERROR;
				CLANG_WARN_EMPTY_BODY = YES;
				CLANG_WARN_ENUM_CONVERSION = YES;
				CLANG_WARN_INT_CONVERSION = YES;
				CLANG_WARN_OBJC_ROOT_CLASS = YES_ERROR;
				CLANG_WARN_UNREACHABLE_CODE = YES;
				CLANG_WARN__DUPLICATE_METHOD_MATCH = YES;
				"CODE_SIGN_IDENTITY[sdk=iphoneos*]" = "iPhone Developer";
				COPY_PHASE_STRIP = YES;
				DEFINES_MODULE = YES;
				ENABLE_NS_ASSERTIONS = NO;
				ENABLE_STRICT_OBJC_MSGSEND = YES;
				GCC_C_LANGUAGE_STANDARD = gnu99;
				GCC_WARN_64_TO_32_BIT_CONVERSION = YES;
				GCC_WARN_ABOUT_RETURN_TYPE = YES_ERROR;
				GCC_WARN_UNDECLARED_SELECTOR = YES;
				GCC_WARN_UNINITIALIZED_AUTOS = YES_AGGRESSIVE;
				GCC_WARN_UNUSED_FUNCTION = YES;
				GCC_WARN_UNUSED_VARIABLE = YES;
				IPHONEOS_DEPLOYMENT_TARGET = 8.1;
				MTL_ENABLE_DEBUG_INFO = NO;
				SDKROOT = iphoneos;
				TARGETED_DEVICE_FAMILY = "1,2";
				VALIDATE_PRODUCT = YES;
			};
			name = Release;
		};
		DA39D96C1A6D535E0077B765 /* Debug */ = {
			isa = XCBuildConfiguration;
			buildSettings = {
				ASSETCATALOG_COMPILER_APPICON_NAME = AppIcon;
				CLANG_ENABLE_MODULES = YES;
				INFOPLIST_FILE = XXO/Info.plist;
				IPHONEOS_DEPLOYMENT_TARGET = 8.0;
				LD_RUNPATH_SEARCH_PATHS = "$(inherited) @executable_path/Frameworks";
				PRODUCT_NAME = "$(TARGET_NAME)";
				SWIFT_OBJC_BRIDGING_HEADER = "./XXO/XXO-Bridging-Header.h";
				SWIFT_OPTIMIZATION_LEVEL = "-Onone";
			};
			name = Debug;
		};
		DA39D96D1A6D535E0077B765 /* Release */ = {
			isa = XCBuildConfiguration;
			buildSettings = {
				ASSETCATALOG_COMPILER_APPICON_NAME = AppIcon;
				CLANG_ENABLE_MODULES = YES;
				INFOPLIST_FILE = XXO/Info.plist;
				IPHONEOS_DEPLOYMENT_TARGET = 8.0;
				LD_RUNPATH_SEARCH_PATHS = "$(inherited) @executable_path/Frameworks";
				PRODUCT_NAME = "$(TARGET_NAME)";
				SWIFT_OBJC_BRIDGING_HEADER = "./XXO/XXO-Bridging-Header.h";
			};
			name = Release;
		};
		DA39D96F1A6D535E0077B765 /* Debug */ = {
			isa = XCBuildConfiguration;
			buildSettings = {
				BUNDLE_LOADER = "$(TEST_HOST)";
				CLANG_ENABLE_MODULES = YES;
				FRAMEWORK_SEARCH_PATHS = (
					"$(SDKROOT)/Developer/Library/Frameworks",
					"$(inherited)",
				);
				GCC_PREPROCESSOR_DEFINITIONS = (
					"DEBUG=1",
					"$(inherited)",
				);
				INFOPLIST_FILE = XXOTests/Info.plist;
				LD_RUNPATH_SEARCH_PATHS = "$(inherited) @executable_path/Frameworks @loader_path/Frameworks";
				PRODUCT_NAME = "$(TARGET_NAME)";
				SWIFT_OBJC_BRIDGING_HEADER = "XXO/XXOTests-Bridging-Header.h";
				SWIFT_OPTIMIZATION_LEVEL = "-Onone";
				TEST_HOST = "$(BUILT_PRODUCTS_DIR)/XXO.app/XXO";
			};
			name = Debug;
		};
		DA39D9701A6D535E0077B765 /* Release */ = {
			isa = XCBuildConfiguration;
			buildSettings = {
				BUNDLE_LOADER = "$(TEST_HOST)";
				CLANG_ENABLE_MODULES = YES;
				FRAMEWORK_SEARCH_PATHS = (
					"$(SDKROOT)/Developer/Library/Frameworks",
					"$(inherited)",
				);
				INFOPLIST_FILE = XXOTests/Info.plist;
				LD_RUNPATH_SEARCH_PATHS = "$(inherited) @executable_path/Frameworks @loader_path/Frameworks";
				PRODUCT_NAME = "$(TARGET_NAME)";
				SWIFT_OBJC_BRIDGING_HEADER = "XXO/XXOTests-Bridging-Header.h";
				TEST_HOST = "$(BUILT_PRODUCTS_DIR)/XXO.app/XXO";
			};
			name = Release;
		};
/* End XCBuildConfiguration section */

/* Begin XCConfigurationList section */
		DA39D93E1A6D535E0077B765 /* Build configuration list for PBXProject "XXO" */ = {
			isa = XCConfigurationList;
			buildConfigurations = (
				DA39D9691A6D535E0077B765 /* Debug */,
				DA39D96A1A6D535E0077B765 /* Release */,
			);
			defaultConfigurationIsVisible = 0;
			defaultConfigurationName = Release;
		};
		DA39D96B1A6D535E0077B765 /* Build configuration list for PBXNativeTarget "XXO" */ = {
			isa = XCConfigurationList;
			buildConfigurations = (
				DA39D96C1A6D535E0077B765 /* Debug */,
				DA39D96D1A6D535E0077B765 /* Release */,
			);
			defaultConfigurationIsVisible = 0;
			defaultConfigurationName = Release;
		};
		DA39D96E1A6D535E0077B765 /* Build configuration list for PBXNativeTarget "XXOTests" */ = {
			isa = XCConfigurationList;
			buildConfigurations = (
				DA39D96F1A6D535E0077B765 /* Debug */,
				DA39D9701A6D535E0077B765 /* Release */,
			);
			defaultConfigurationIsVisible = 0;
			defaultConfigurationName = Release;
		};
/* End XCConfigurationList section */
	};
	rootObject = DA39D93B1A6D535E0077B765 /* Project object */;
}
